
Microsoft Visual Studio Solution File, Format Version 12.00
# Visual Studio Version 16
VisualStudioVersion = 16.0.30225.117
MinimumVisualStudioVersion = 10.0.40219.1
Project("{FAE04EC0-301F-11D3-BF4B-00C04F79EFBC}") = "CustomerPresentationConsole", "CustomerPresentationConsole\CustomerPresentationConsole.csproj", "{0687EE40-A136-4103-828C-FF71921B1AA9}"
EndProject
Project("{FAE04EC0-301F-11D3-BF4B-00C04F79EFBC}") = "CustomerOutput", "CustomerOutput\CustomerOutput.csproj", "{06728DD1-356B-465B-9065-EBA8013C32AA}"
EndProject
Project("{FAE04EC0-301F-11D3-BF4B-00C04F79EFBC}") = "UnitTestCustomerOutput", "UnitTestCustomerOutput\UnitTestCustomerOutput.csproj", "{62AB5EDD-892F-4109-85EC-6A237D2F084F}"
EndProject
Global
	GlobalSection(SolutionConfigurationPlatforms) = preSolution
		Debug|Any CPU = Debug|Any CPU
		Release|Any CPU = Release|Any CPU
	EndGlobalSection
	GlobalSection(ProjectConfigurationPlatforms) = postSolution
		{0687EE40-A136-4103-828C-FF71921B1AA9}.Debug|Any CPU.ActiveCfg = Debug|Any CPU
		{0687EE40-A136-4103-828C-FF71921B1AA9}.Debug|Any CPU.Build.0 = Debug|Any CPU
		{0687EE40-A136-4103-828C-FF71921B1AA9}.Release|Any CPU.ActiveCfg = Release|Any CPU
		{0687EE40-A136-4103-828C-FF71921B1AA9}.Release|Any CPU.Build.0 = Release|Any CPU
		{06728DD1-356B-465B-9065-EBA8013C32AA}.Debug|Any CPU.ActiveCfg = Debug|Any CPU
		{06728DD1-356B-465B-9065-EBA8013C32AA}.Debug|Any CPU.Build.0 = Debug|Any CPU
		{06728DD1-356B-465B-9065-EBA8013C32AA}.Release|Any CPU.ActiveCfg = Release|Any CPU
		{06728DD1-356B-465B-9065-EBA8013C32AA}.Release|Any CPU.Build.0 = Release|Any CPU
		{62AB5EDD-892F-4109-85EC-6A237D2F084F}.Debug|Any CPU.ActiveCfg = Debug|Any CPU
		{62AB5EDD-892F-4109-85EC-6A237D2F084F}.Debug|Any CPU.Build.0 = Debug|Any CPU
		{62AB5EDD-892F-4109-85EC-6A237D2F084F}.Release|Any CPU.ActiveCfg = Release|Any CPU
		{62AB5EDD-892F-4109-85EC-6A237D2F084F}.Release|Any CPU.Build.0 = Release|Any CPU
	EndGlobalSection
	GlobalSection(SolutionProperties) = preSolution
		HideSolutionNode = FALSE
	EndGlobalSection
	GlobalSection(ExtensibilityGlobals) = postSolution
		SolutionGuid = {E2187B33-F9BA-4376-8969-BCB717D1EF6A}
	EndGlobalSection
EndGlobal
